
Microsoft Visual Studio Solution File, Format Version 12.00
# Visual Studio Version 16
VisualStudioVersion = 16.0.30523.141
MinimumVisualStudioVersion = 10.0.40219.1
Project("{9A19103F-16F7-4668-BE54-9A1E7A4F7556}") = "MyFirstAppCSharp.Web", "MyFirstAppCSharp.Web\MyFirstAppCSharp.Web.csproj", "{70E224F3-4F49-46C8-9573-2B5BB2A32F25}"
EndProject
Project("{9A19103F-16F7-4668-BE54-9A1E7A4F7556}") = "WebJson", "WebJson\WebJson.csproj", "{C9B73DF5-24B4-42D4-B118-CF1AF1870D11}"
EndProject
Project("{FAE04EC0-301F-11D3-BF4B-00C04F79EFBC}") = "MyFirstAppCSharp.Service", "RestaurantService\MyFirstAppCSharp.Service.csproj", "{9448A397-95BD-437C-B001-C0950AAFA79C}"
EndProject
Project("{FAE04EC0-301F-11D3-BF4B-00C04F79EFBC}") = "MyFirstAppCSharp.Data", "MyFirstAppCSharp.Data\MyFirstAppCSharp.Data.csproj", "{8A11B222-A59B-46C8-BD3E-E0A4B44A7507}"
EndProject
Project("{FAE04EC0-301F-11D3-BF4B-00C04F79EFBC}") = "MyFirstAppCSharp.Data.Test", "MyFirstAppCSharp.Data.Test\MyFirstAppCSharp.Data.Test.csproj", "{2D933A40-83B2-4E8F-B250-E4DE0DAE0911}"
EndProject
Project("{FAE04EC0-301F-11D3-BF4B-00C04F79EFBC}") = "MyFirstAppCSharp.Service.Test", "MyFirstAppCSharp.Service.Test\MyFirstAppCSharp.Service.Test.csproj", "{7D296DBB-2A6D-4C90-8423-1A18A7552810}"
EndProject
Global
	GlobalSection(SolutionConfigurationPlatforms) = preSolution
		Debug|Any CPU = Debug|Any CPU
		Release|Any CPU = Release|Any CPU
	EndGlobalSection
	GlobalSection(ProjectConfigurationPlatforms) = postSolution
		{70E224F3-4F49-46C8-9573-2B5BB2A32F25}.Debug|Any CPU.ActiveCfg = Debug|Any CPU
		{70E224F3-4F49-46C8-9573-2B5BB2A32F25}.Debug|Any CPU.Build.0 = Debug|Any CPU
		{70E224F3-4F49-46C8-9573-2B5BB2A32F25}.Release|Any CPU.ActiveCfg = Release|Any CPU
		{70E224F3-4F49-46C8-9573-2B5BB2A32F25}.Release|Any CPU.Build.0 = Release|Any CPU
		{C9B73DF5-24B4-42D4-B118-CF1AF1870D11}.Debug|Any CPU.ActiveCfg = Debug|Any CPU
		{C9B73DF5-24B4-42D4-B118-CF1AF1870D11}.Debug|Any CPU.Build.0 = Debug|Any CPU
		{C9B73DF5-24B4-42D4-B118-CF1AF1870D11}.Release|Any CPU.ActiveCfg = Release|Any CPU
		{C9B73DF5-24B4-42D4-B118-CF1AF1870D11}.Release|Any CPU.Build.0 = Release|Any CPU
		{9448A397-95BD-437C-B001-C0950AAFA79C}.Debug|Any CPU.ActiveCfg = Debug|Any CPU
		{9448A397-95BD-437C-B001-C0950AAFA79C}.Debug|Any CPU.Build.0 = Debug|Any CPU
		{9448A397-95BD-437C-B001-C0950AAFA79C}.Release|Any CPU.ActiveCfg = Release|Any CPU
		{9448A397-95BD-437C-B001-C0950AAFA79C}.Release|Any CPU.Build.0 = Release|Any CPU
		{8A11B222-A59B-46C8-BD3E-E0A4B44A7507}.Debug|Any CPU.ActiveCfg = Debug|Any CPU
		{8A11B222-A59B-46C8-BD3E-E0A4B44A7507}.Debug|Any CPU.Build.0 = Debug|Any CPU
		{8A11B222-A59B-46C8-BD3E-E0A4B44A7507}.Release|Any CPU.ActiveCfg = Release|Any CPU
		{8A11B222-A59B-46C8-BD3E-E0A4B44A7507}.Release|Any CPU.Build.0 = Release|Any CPU
		{2D933A40-83B2-4E8F-B250-E4DE0DAE0911}.Debug|Any CPU.ActiveCfg = Debug|Any CPU
		{2D933A40-83B2-4E8F-B250-E4DE0DAE0911}.Debug|Any CPU.Build.0 = Debug|Any CPU
		{2D933A40-83B2-4E8F-B250-E4DE0DAE0911}.Release|Any CPU.ActiveCfg = Release|Any CPU
		{2D933A40-83B2-4E8F-B250-E4DE0DAE0911}.Release|Any CPU.Build.0 = Release|Any CPU
		{7D296DBB-2A6D-4C90-8423-1A18A7552810}.Debug|Any CPU.ActiveCfg = Debug|Any CPU
		{7D296DBB-2A6D-4C90-8423-1A18A7552810}.Debug|Any CPU.Build.0 = Debug|Any CPU
		{7D296DBB-2A6D-4C90-8423-1A18A7552810}.Release|Any CPU.ActiveCfg = Release|Any CPU
		{7D296DBB-2A6D-4C90-8423-1A18A7552810}.Release|Any CPU.Build.0 = Release|Any CPU
	EndGlobalSection
	GlobalSection(SolutionProperties) = preSolution
		HideSolutionNode = FALSE
	EndGlobalSection
	GlobalSection(ExtensibilityGlobals) = postSolution
		SolutionGuid = {A5972F88-1C93-4754-91AC-4979440387F0}
	EndGlobalSection
EndGlobal
